
Microsoft Visual Studio Solution File, Format Version 12.00
# Visual Studio 15
VisualStudioVersion = 15.0.28307.271
MinimumVisualStudioVersion = 10.0.40219.1
Project("{FAE04EC0-301F-11D3-BF4B-00C04F79EFBC}") = "TextSearchEngine", "TextSearchEngine.csproj", "{473AD66A-7D4E-430C-B8DB-2F1DAE9D3660}"
EndProject
Project("{FAE04EC0-301F-11D3-BF4B-00C04F79EFBC}") = "TextSearchEngineTest", "TextSearchEngineTest\TextSearchEngineTest.csproj", "{3EF1336A-F6BC-4814-A48A-2C8CC8000BAB}"
EndProject
Global
	GlobalSection(SolutionConfigurationPlatforms) = preSolution
		Debug|Any CPU = Debug|Any CPU
		Debug|x86 = Debug|x86
		Release|Any CPU = Release|Any CPU
		Release|x86 = Release|x86
	EndGlobalSection
	GlobalSection(ProjectConfigurationPlatforms) = postSolution
		{473AD66A-7D4E-430C-B8DB-2F1DAE9D3660}.Debug|Any CPU.ActiveCfg = Debug|x86
		{473AD66A-7D4E-430C-B8DB-2F1DAE9D3660}.Debug|x86.ActiveCfg = Debug|x86
		{473AD66A-7D4E-430C-B8DB-2F1DAE9D3660}.Debug|x86.Build.0 = Debug|x86
		{473AD66A-7D4E-430C-B8DB-2F1DAE9D3660}.Release|Any CPU.ActiveCfg = Release|x86
		{473AD66A-7D4E-430C-B8DB-2F1DAE9D3660}.Release|x86.ActiveCfg = Release|x86
		{473AD66A-7D4E-430C-B8DB-2F1DAE9D3660}.Release|x86.Build.0 = Release|x86
		{3EF1336A-F6BC-4814-A48A-2C8CC8000BAB}.Debug|Any CPU.ActiveCfg = Debug|Any CPU
		{3EF1336A-F6BC-4814-A48A-2C8CC8000BAB}.Debug|Any CPU.Build.0 = Debug|Any CPU
		{3EF1336A-F6BC-4814-A48A-2C8CC8000BAB}.Debug|x86.ActiveCfg = Debug|Any CPU
		{3EF1336A-F6BC-4814-A48A-2C8CC8000BAB}.Debug|x86.Build.0 = Debug|Any CPU
		{3EF1336A-F6BC-4814-A48A-2C8CC8000BAB}.Release|Any CPU.ActiveCfg = Release|Any CPU
		{3EF1336A-F6BC-4814-A48A-2C8CC8000BAB}.Release|Any CPU.Build.0 = Release|Any CPU
		{3EF1336A-F6BC-4814-A48A-2C8CC8000BAB}.Release|x86.ActiveCfg = Release|Any CPU
		{3EF1336A-F6BC-4814-A48A-2C8CC8000BAB}.Release|x86.Build.0 = Release|Any CPU
	EndGlobalSection
	GlobalSection(SolutionProperties) = preSolution
		HideSolutionNode = FALSE
	EndGlobalSection
	GlobalSection(ExtensibilityGlobals) = postSolution
		SolutionGuid = {B24AE4A2-9C5B-4103-9353-EEE4723E067D}
	EndGlobalSection
EndGlobal
